
Microsoft Visual Studio Solution File, Format Version 12.00
# Visual Studio 15
VisualStudioVersion = 15.0.28307.902
MinimumVisualStudioVersion = 10.0.40219.1
Project("{FAE04EC0-301F-11D3-BF4B-00C04F79EFBC}") = "NL.AI.ToolDemo.Container", "NL.AI.ToolDemo.Container\NL.AI.ToolDemo.Container.csproj", "{543CED9D-4913-491E-8273-C403EE02C68B}"
EndProject
Project("{2150E333-8FDC-42A3-9474-1A3956D46DE8}") = "Back-End", "Back-End", "{3FC15770-9121-4C4A-B2CB-A6EB91492D3E}"
EndProject
Project("{2150E333-8FDC-42A3-9474-1A3956D46DE8}") = "Common", "Common", "{7D71F4A2-2663-4DBF-97C4-A84689D2EE39}"
EndProject
Project("{2150E333-8FDC-42A3-9474-1A3956D46DE8}") = "Font-End", "Font-End", "{CB238A45-DEBA-4C38-94F8-77ADD80408CB}"
EndProject
Project("{2150E333-8FDC-42A3-9474-1A3956D46DE8}") = "Modules", "Modules", "{A7C0A154-E909-4D47-A67F-3A8BE11B2802}"
EndProject
Project("{FAE04EC0-301F-11D3-BF4B-00C04F79EFBC}") = "NL.AI.ToolDemo.Theme", "NL.AI.ToolDemo.Theme\NL.AI.ToolDemo.Theme.csproj", "{2B078FBC-1AF1-4655-8338-A60DEE36158A}"
EndProject
Project("{2150E333-8FDC-42A3-9474-1A3956D46DE8}") = "BIZ", "BIZ", "{3CE0A24E-F7F2-4574-9180-4AF3C3384F84}"
EndProject
Project("{2150E333-8FDC-42A3-9474-1A3956D46DE8}") = "DAL", "DAL", "{ED8CA39D-9DF6-4193-AEF0-3EA2C2C49A98}"
EndProject
Project("{2150E333-8FDC-42A3-9474-1A3956D46DE8}") = "IViews", "IViews", "{5B013039-A179-4A06-AA1D-A0C4751BF03B}"
EndProject
Project("{2150E333-8FDC-42A3-9474-1A3956D46DE8}") = "Views", "Views", "{6B86BB32-C3D4-46E8-8868-166EF8D3C909}"
EndProject
Project("{2150E333-8FDC-42A3-9474-1A3956D46DE8}") = "IViewModels", "IViewModels", "{4D1872BD-0646-4393-BCB4-738CA0463678}"
EndProject
Project("{2150E333-8FDC-42A3-9474-1A3956D46DE8}") = "ViewModels", "ViewModels", "{863157FF-D52C-4555-A592-141C713D49B8}"
EndProject
Project("{FAE04EC0-301F-11D3-BF4B-00C04F79EFBC}") = "NL.AI.ToolDemo.IBLL", "NL.AI.ToolDemo.IBLL\NL.AI.ToolDemo.IBLL.csproj", "{8970CF91-0D58-40C7-A035-5453D17D8570}"
EndProject
Project("{FAE04EC0-301F-11D3-BF4B-00C04F79EFBC}") = "NL.AI.ToolDemo.BLL", "NL.AI.ToolDemo.BLL\NL.AI.ToolDemo.BLL.csproj", "{4A27DEE7-E679-435F-876C-69D99C2A6EB1}"
EndProject
Project("{FAE04EC0-301F-11D3-BF4B-00C04F79EFBC}") = "NL.AI.ToolDemo.IDAL", "NL.AI.ToolDemo.IDAL\NL.AI.ToolDemo.IDAL.csproj", "{6C8788F9-5A0B-4DCE-89B6-EDC597802165}"
EndProject
Project("{FAE04EC0-301F-11D3-BF4B-00C04F79EFBC}") = "NL.AI.ToolDemo.DAL", "NL.AI.ToolDemo.DAL\NL.AI.ToolDemo.DAL.csproj", "{B793859F-585F-407B-947D-6D8C136CD2E9}"
EndProject
Project("{FAE04EC0-301F-11D3-BF4B-00C04F79EFBC}") = "NL.AI.ToolDemo.Model", "NL.AI.ToolDemo.Model\NL.AI.ToolDemo.Model.csproj", "{7934C3FB-D9C1-4DCD-9CC1-886E273C520B}"
EndProject
Project("{FAE04EC0-301F-11D3-BF4B-00C04F79EFBC}") = "NL.AI.ToolDemo.CommonTools.Views", "NL.AI.ToolDemo.CommonTools.Views\NL.AI.ToolDemo.CommonTools.Views.csproj", "{8473B570-9171-4CFE-93FB-43C75FE32CE0}"
EndProject
Project("{FAE04EC0-301F-11D3-BF4B-00C04F79EFBC}") = "NL.AI.ToolDemo.ECGData.Views", "NL.AI.ToolDemo.ECGData.Views\NL.AI.ToolDemo.ECGData.Views.csproj", "{5F554805-4A19-4A76-A20E-87E692EDB231}"
EndProject
Project("{FAE04EC0-301F-11D3-BF4B-00C04F79EFBC}") = "NL.AI.ToolDemo.CommonTools.IViewModels", "NL.AI.ToolDemo.CommonTools.IViewModels\NL.AI.ToolDemo.CommonTools.IViewModels.csproj", "{062DAB53-AD8A-4C94-979D-F64A2095AF78}"
EndProject
Project("{FAE04EC0-301F-11D3-BF4B-00C04F79EFBC}") = "NL.AI.ToolDemo.ECGData.IViewModels", "NL.AI.ToolDemo.ECGData.IViewModels\NL.AI.ToolDemo.ECGData.IViewModels.csproj", "{0830EAEC-5636-4ADB-B5E5-FD34236A39C7}"
EndProject
Project("{FAE04EC0-301F-11D3-BF4B-00C04F79EFBC}") = "NL.AI.ToolDemo.CommonTools.ViewModels", "NL.AI.ToolDemo.CommonTools.ViewModels\NL.AI.ToolDemo.CommonTools.ViewModels.csproj", "{DE6D5549-340F-4B93-8D46-EB7692494018}"
EndProject
Project("{FAE04EC0-301F-11D3-BF4B-00C04F79EFBC}") = "NL.AI.ToolDemo.ECGData.ViewModels", "NL.AI.ToolDemo.ECGData.ViewModels\NL.AI.ToolDemo.ECGData.ViewModels.csproj", "{F65E17DC-8C8E-4D36-BDD4-E229007C9D33}"
EndProject
Project("{FAE04EC0-301F-11D3-BF4B-00C04F79EFBC}") = "NL.AI.ToolDemo.Enum", "NL.AI.ToolDemo.Enum\NL.AI.ToolDemo.Enum.csproj", "{FBADF3DE-E4FD-4412-B5C4-880E5FE46369}"
EndProject
Project("{FAE04EC0-301F-11D3-BF4B-00C04F79EFBC}") = "NL.AI.ToolDemo.Controls", "NL.AI.ToolDemo.Controls\NL.AI.ToolDemo.Controls.csproj", "{000A5E2C-8958-4942-9DAD-7387650A70B0}"
EndProject
Project("{FAE04EC0-301F-11D3-BF4B-00C04F79EFBC}") = "NL.AI.ToolDemo.Tools", "NL.AI.ToolDemo.Tools\NL.AI.ToolDemo.Tools.csproj", "{245B43E7-B7A5-41ED-B6E9-EACB6639D907}"
EndProject
Project("{FAE04EC0-301F-11D3-BF4B-00C04F79EFBC}") = "NL.AI.ToolDemo.Modules.ProcessControl", "NL.AI.ToolDemo.Modules.ProcessControl\NL.AI.ToolDemo.Modules.ProcessControl.csproj", "{2E8A99D4-8549-456B-9B33-667632995798}"
EndProject
Global
	GlobalSection(SolutionConfigurationPlatforms) = preSolution
		Debug|Any CPU = Debug|Any CPU
		Release|Any CPU = Release|Any CPU
	EndGlobalSection
	GlobalSection(ProjectConfigurationPlatforms) = postSolution
		{543CED9D-4913-491E-8273-C403EE02C68B}.Debug|Any CPU.ActiveCfg = Debug|Any CPU
		{543CED9D-4913-491E-8273-C403EE02C68B}.Debug|Any CPU.Build.0 = Debug|Any CPU
		{543CED9D-4913-491E-8273-C403EE02C68B}.Release|Any CPU.ActiveCfg = Release|Any CPU
		{543CED9D-4913-491E-8273-C403EE02C68B}.Release|Any CPU.Build.0 = Release|Any CPU
		{2B078FBC-1AF1-4655-8338-A60DEE36158A}.Debug|Any CPU.ActiveCfg = Debug|Any CPU
		{2B078FBC-1AF1-4655-8338-A60DEE36158A}.Debug|Any CPU.Build.0 = Debug|Any CPU
		{2B078FBC-1AF1-4655-8338-A60DEE36158A}.Release|Any CPU.ActiveCfg = Release|Any CPU
		{2B078FBC-1AF1-4655-8338-A60DEE36158A}.Release|Any CPU.Build.0 = Release|Any CPU
		{8970CF91-0D58-40C7-A035-5453D17D8570}.Debug|Any CPU.ActiveCfg = Debug|Any CPU
		{8970CF91-0D58-40C7-A035-5453D17D8570}.Debug|Any CPU.Build.0 = Debug|Any CPU
		{8970CF91-0D58-40C7-A035-5453D17D8570}.Release|Any CPU.ActiveCfg = Release|Any CPU
		{8970CF91-0D58-40C7-A035-5453D17D8570}.Release|Any CPU.Build.0 = Release|Any CPU
		{4A27DEE7-E679-435F-876C-69D99C2A6EB1}.Debug|Any CPU.ActiveCfg = Debug|Any CPU
		{4A27DEE7-E679-435F-876C-69D99C2A6EB1}.Debug|Any CPU.Build.0 = Debug|Any CPU
		{4A27DEE7-E679-435F-876C-69D99C2A6EB1}.Release|Any CPU.ActiveCfg = Release|Any CPU
		{4A27DEE7-E679-435F-876C-69D99C2A6EB1}.Release|Any CPU.Build.0 = Release|Any CPU
		{6C8788F9-5A0B-4DCE-89B6-EDC597802165}.Debug|Any CPU.ActiveCfg = Debug|Any CPU
		{6C8788F9-5A0B-4DCE-89B6-EDC597802165}.Debug|Any CPU.Build.0 = Debug|Any CPU
		{6C8788F9-5A0B-4DCE-89B6-EDC597802165}.Release|Any CPU.ActiveCfg = Release|Any CPU
		{6C8788F9-5A0B-4DCE-89B6-EDC597802165}.Release|Any CPU.Build.0 = Release|Any CPU
		{B793859F-585F-407B-947D-6D8C136CD2E9}.Debug|Any CPU.ActiveCfg = Debug|Any CPU
		{B793859F-585F-407B-947D-6D8C136CD2E9}.Debug|Any CPU.Build.0 = Debug|Any CPU
		{B793859F-585F-407B-947D-6D8C136CD2E9}.Release|Any CPU.ActiveCfg = Release|Any CPU
		{B793859F-585F-407B-947D-6D8C136CD2E9}.Release|Any CPU.Build.0 = Release|Any CPU
		{7934C3FB-D9C1-4DCD-9CC1-886E273C520B}.Debug|Any CPU.ActiveCfg = Debug|Any CPU
		{7934C3FB-D9C1-4DCD-9CC1-886E273C520B}.Debug|Any CPU.Build.0 = Debug|Any CPU
		{7934C3FB-D9C1-4DCD-9CC1-886E273C520B}.Release|Any CPU.ActiveCfg = Release|Any CPU
		{7934C3FB-D9C1-4DCD-9CC1-886E273C520B}.Release|Any CPU.Build.0 = Release|Any CPU
		{8473B570-9171-4CFE-93FB-43C75FE32CE0}.Debug|Any CPU.ActiveCfg = Debug|Any CPU
		{8473B570-9171-4CFE-93FB-43C75FE32CE0}.Debug|Any CPU.Build.0 = Debug|Any CPU
		{8473B570-9171-4CFE-93FB-43C75FE32CE0}.Release|Any CPU.ActiveCfg = Release|Any CPU
		{8473B570-9171-4CFE-93FB-43C75FE32CE0}.Release|Any CPU.Build.0 = Release|Any CPU
		{5F554805-4A19-4A76-A20E-87E692EDB231}.Debug|Any CPU.ActiveCfg = Debug|Any CPU
		{5F554805-4A19-4A76-A20E-87E692EDB231}.Debug|Any CPU.Build.0 = Debug|Any CPU
		{5F554805-4A19-4A76-A20E-87E692EDB231}.Release|Any CPU.ActiveCfg = Release|Any CPU
		{5F554805-4A19-4A76-A20E-87E692EDB231}.Release|Any CPU.Build.0 = Release|Any CPU
		{062DAB53-AD8A-4C94-979D-F64A2095AF78}.Debug|Any CPU.ActiveCfg = Debug|Any CPU
		{062DAB53-AD8A-4C94-979D-F64A2095AF78}.Debug|Any CPU.Build.0 = Debug|Any CPU
		{062DAB53-AD8A-4C94-979D-F64A2095AF78}.Release|Any CPU.ActiveCfg = Release|Any CPU
		{062DAB53-AD8A-4C94-979D-F64A2095AF78}.Release|Any CPU.Build.0 = Release|Any CPU
		{0830EAEC-5636-4ADB-B5E5-FD34236A39C7}.Debug|Any CPU.ActiveCfg = Debug|Any CPU
		{0830EAEC-5636-4ADB-B5E5-FD34236A39C7}.Debug|Any CPU.Build.0 = Debug|Any CPU
		{0830EAEC-5636-4ADB-B5E5-FD34236A39C7}.Release|Any CPU.ActiveCfg = Release|Any CPU
		{0830EAEC-5636-4ADB-B5E5-FD34236A39C7}.Release|Any CPU.Build.0 = Release|Any CPU
		{DE6D5549-340F-4B93-8D46-EB7692494018}.Debug|Any CPU.ActiveCfg = Debug|Any CPU
		{DE6D5549-340F-4B93-8D46-EB7692494018}.Debug|Any CPU.Build.0 = Debug|Any CPU
		{DE6D5549-340F-4B93-8D46-EB7692494018}.Release|Any CPU.ActiveCfg = Release|Any CPU
		{DE6D5549-340F-4B93-8D46-EB7692494018}.Release|Any CPU.Build.0 = Release|Any CPU
		{F65E17DC-8C8E-4D36-BDD4-E229007C9D33}.Debug|Any CPU.ActiveCfg = Debug|Any CPU
		{F65E17DC-8C8E-4D36-BDD4-E229007C9D33}.Debug|Any CPU.Build.0 = Debug|Any CPU
		{F65E17DC-8C8E-4D36-BDD4-E229007C9D33}.Release|Any CPU.ActiveCfg = Release|Any CPU
		{F65E17DC-8C8E-4D36-BDD4-E229007C9D33}.Release|Any CPU.Build.0 = Release|Any CPU
		{FBADF3DE-E4FD-4412-B5C4-880E5FE46369}.Debug|Any CPU.ActiveCfg = Debug|Any CPU
		{FBADF3DE-E4FD-4412-B5C4-880E5FE46369}.Debug|Any CPU.Build.0 = Debug|Any CPU
		{FBADF3DE-E4FD-4412-B5C4-880E5FE46369}.Release|Any CPU.ActiveCfg = Release|Any CPU
		{FBADF3DE-E4FD-4412-B5C4-880E5FE46369}.Release|Any CPU.Build.0 = Release|Any CPU
		{000A5E2C-8958-4942-9DAD-7387650A70B0}.Debug|Any CPU.ActiveCfg = Debug|Any CPU
		{000A5E2C-8958-4942-9DAD-7387650A70B0}.Debug|Any CPU.Build.0 = Debug|Any CPU
		{000A5E2C-8958-4942-9DAD-7387650A70B0}.Release|Any CPU.ActiveCfg = Release|Any CPU
		{000A5E2C-8958-4942-9DAD-7387650A70B0}.Release|Any CPU.Build.0 = Release|Any CPU
		{245B43E7-B7A5-41ED-B6E9-EACB6639D907}.Debug|Any CPU.ActiveCfg = Debug|Any CPU
		{245B43E7-B7A5-41ED-B6E9-EACB6639D907}.Debug|Any CPU.Build.0 = Debug|Any CPU
		{245B43E7-B7A5-41ED-B6E9-EACB6639D907}.Release|Any CPU.ActiveCfg = Release|Any CPU
		{245B43E7-B7A5-41ED-B6E9-EACB6639D907}.Release|Any CPU.Build.0 = Release|Any CPU
		{2E8A99D4-8549-456B-9B33-667632995798}.Debug|Any CPU.ActiveCfg = Debug|Any CPU
		{2E8A99D4-8549-456B-9B33-667632995798}.Debug|Any CPU.Build.0 = Debug|Any CPU
		{2E8A99D4-8549-456B-9B33-667632995798}.Release|Any CPU.ActiveCfg = Release|Any CPU
		{2E8A99D4-8549-456B-9B33-667632995798}.Release|Any CPU.Build.0 = Release|Any CPU
	EndGlobalSection
	GlobalSection(SolutionProperties) = preSolution
		HideSolutionNode = FALSE
	EndGlobalSection
	GlobalSection(NestedProjects) = preSolution
		{3CE0A24E-F7F2-4574-9180-4AF3C3384F84} = {3FC15770-9121-4C4A-B2CB-A6EB91492D3E}
		{ED8CA39D-9DF6-4193-AEF0-3EA2C2C49A98} = {3FC15770-9121-4C4A-B2CB-A6EB91492D3E}
		{5B013039-A179-4A06-AA1D-A0C4751BF03B} = {CB238A45-DEBA-4C38-94F8-77ADD80408CB}
		{6B86BB32-C3D4-46E8-8868-166EF8D3C909} = {CB238A45-DEBA-4C38-94F8-77ADD80408CB}
		{4D1872BD-0646-4393-BCB4-738CA0463678} = {CB238A45-DEBA-4C38-94F8-77ADD80408CB}
		{863157FF-D52C-4555-A592-141C713D49B8} = {CB238A45-DEBA-4C38-94F8-77ADD80408CB}
		{8970CF91-0D58-40C7-A035-5453D17D8570} = {3CE0A24E-F7F2-4574-9180-4AF3C3384F84}
		{4A27DEE7-E679-435F-876C-69D99C2A6EB1} = {3CE0A24E-F7F2-4574-9180-4AF3C3384F84}
		{6C8788F9-5A0B-4DCE-89B6-EDC597802165} = {ED8CA39D-9DF6-4193-AEF0-3EA2C2C49A98}
		{B793859F-585F-407B-947D-6D8C136CD2E9} = {ED8CA39D-9DF6-4193-AEF0-3EA2C2C49A98}
		{7934C3FB-D9C1-4DCD-9CC1-886E273C520B} = {7D71F4A2-2663-4DBF-97C4-A84689D2EE39}
		{8473B570-9171-4CFE-93FB-43C75FE32CE0} = {6B86BB32-C3D4-46E8-8868-166EF8D3C909}
		{5F554805-4A19-4A76-A20E-87E692EDB231} = {6B86BB32-C3D4-46E8-8868-166EF8D3C909}
		{062DAB53-AD8A-4C94-979D-F64A2095AF78} = {4D1872BD-0646-4393-BCB4-738CA0463678}
		{0830EAEC-5636-4ADB-B5E5-FD34236A39C7} = {4D1872BD-0646-4393-BCB4-738CA0463678}
		{DE6D5549-340F-4B93-8D46-EB7692494018} = {863157FF-D52C-4555-A592-141C713D49B8}
		{F65E17DC-8C8E-4D36-BDD4-E229007C9D33} = {863157FF-D52C-4555-A592-141C713D49B8}
		{FBADF3DE-E4FD-4412-B5C4-880E5FE46369} = {7D71F4A2-2663-4DBF-97C4-A84689D2EE39}
		{000A5E2C-8958-4942-9DAD-7387650A70B0} = {7D71F4A2-2663-4DBF-97C4-A84689D2EE39}
		{245B43E7-B7A5-41ED-B6E9-EACB6639D907} = {7D71F4A2-2663-4DBF-97C4-A84689D2EE39}
		{2E8A99D4-8549-456B-9B33-667632995798} = {A7C0A154-E909-4D47-A67F-3A8BE11B2802}
	EndGlobalSection
	GlobalSection(ExtensibilityGlobals) = postSolution
		SolutionGuid = {B732FE0A-3AE1-49A9-9F3B-CF4A859B0B51}
	EndGlobalSection
EndGlobal
